
Microsoft Visual Studio Solution File, Format Version 12.00
# Visual Studio Version 16
VisualStudioVersion = 16.0.30621.155
MinimumVisualStudioVersion = 10.0.40219.1
Project("{FAE04EC0-301F-11D3-BF4B-00C04F79EFBC}") = "WpfApp Step Ders 27 Aprel", "WpfApp Step Ders 27 Aprel\WpfApp Step Ders 27 Aprel.csproj", "{097C649C-31D1-4D8B-B3ED-A2F98227C6C1}"
EndProject
Global
	GlobalSection(SolutionConfigurationPlatforms) = preSolution
		Debug|Any CPU = Debug|Any CPU
		Release|Any CPU = Release|Any CPU
	EndGlobalSection
	GlobalSection(ProjectConfigurationPlatforms) = postSolution
		{097C649C-31D1-4D8B-B3ED-A2F98227C6C1}.Debug|Any CPU.ActiveCfg = Debug|Any CPU
		{097C649C-31D1-4D8B-B3ED-A2F98227C6C1}.Debug|Any CPU.Build.0 = Debug|Any CPU
		{097C649C-31D1-4D8B-B3ED-A2F98227C6C1}.Release|Any CPU.ActiveCfg = Release|Any CPU
		{097C649C-31D1-4D8B-B3ED-A2F98227C6C1}.Release|Any CPU.Build.0 = Release|Any CPU
	EndGlobalSection
	GlobalSection(SolutionProperties) = preSolution
		HideSolutionNode = FALSE
	EndGlobalSection
	GlobalSection(ExtensibilityGlobals) = postSolution
		SolutionGuid = {3F9E743B-AA9F-4367-B6AA-613DC7817DE0}
	EndGlobalSection
EndGlobal
